
Microsoft Visual Studio Solution File, Format Version 12.00
# Visual Studio Version 16
VisualStudioVersion = 16.0.30907.101
MinimumVisualStudioVersion = 10.0.40219.1
Project("{8BC9CEB8-8B4A-11D0-8D11-00A0C91BC942}") = "2021-1-25", "2021-1-25.vcxproj", "{CC5592BB-9925-410D-A9B3-D07C0D10009B}"
EndProject
Global
	GlobalSection(SolutionConfigurationPlatforms) = preSolution
		Debug|x64 = Debug|x64
		Debug|x86 = Debug|x86
		Release|x64 = Release|x64
		Release|x86 = Release|x86
	EndGlobalSection
	GlobalSection(ProjectConfigurationPlatforms) = postSolution
		{CC5592BB-9925-410D-A9B3-D07C0D10009B}.Debug|x64.ActiveCfg = Debug|x64
		{CC5592BB-9925-410D-A9B3-D07C0D10009B}.Debug|x64.Build.0 = Debug|x64
		{CC5592BB-9925-410D-A9B3-D07C0D10009B}.Debug|x86.ActiveCfg = Debug|Win32
		{CC5592BB-9925-410D-A9B3-D07C0D10009B}.Debug|x86.Build.0 = Debug|Win32
		{CC5592BB-9925-410D-A9B3-D07C0D10009B}.Release|x64.ActiveCfg = Release|x64
		{CC5592BB-9925-410D-A9B3-D07C0D10009B}.Release|x64.Build.0 = Release|x64
		{CC5592BB-9925-410D-A9B3-D07C0D10009B}.Release|x86.ActiveCfg = Release|Win32
		{CC5592BB-9925-410D-A9B3-D07C0D10009B}.Release|x86.Build.0 = Release|Win32
	EndGlobalSection
	GlobalSection(SolutionProperties) = preSolution
		HideSolutionNode = FALSE
	EndGlobalSection
	GlobalSection(ExtensibilityGlobals) = postSolution
		SolutionGuid = {8593A5E9-C6D1-406A-961B-EF75F4B5169A}
	EndGlobalSection
EndGlobal
